{
    "name": "asp.net",
    "version": "1.0.0",
    "lockfileVersion": 1,
    "requires": true,
    "dependencies": {
        "@types/bootstrap": {
            "version": "5.0.0",
            "resolved": "https://registry.npmjs.org/@types/bootstrap/-/bootstrap-5.0.0.tgz",
            "integrity": "sha512-Buic9y01REuPhC7f3fvGN9ONoEKwkDnT/SdGcD7gk+99jrQnTC8QpPOfCMC7wZPKpPrTiizP0S4AC5MIH5PdQw==",
            "requires": {
                "@types/jquery": "*",
                "popper.js": "^1.14.1"
            }
        },
        "@types/jquery": {
            "version": "3.5.3",
            "resolved": "https://registry.npmjs.org/@types/jquery/-/jquery-3.5.3.tgz",
            "integrity": "sha512-IENpHTjGksr2wQS6ZO8eMIE0tIB22Ywg+n3/yAWCa56VSZ26phcwAbFdh9+VNUWk7e83qB27QLax3Rf4G92Y9A==",
            "requires": {
                "@types/sizzle": "*"
            }
        },
        "@types/sizzle": {
            "version": "2.3.2",
            "resolved": "https://registry.npmjs.org/@types/sizzle/-/sizzle-2.3.2.tgz",
            "integrity": "sha512-7EJYyKTL7tFR8+gDbB6Wwz/arpGa0Mywk1TJbNzKzHtzbwVmY4HR9WqS5VV7dsBUKQmPNr192jHr/VpBluj/hg=="
        },
        "bootstrap": {
            "version": "4.5.3",
            "resolved": "https://registry.npmjs.org/bootstrap/-/bootstrap-4.5.3.tgz",
            "integrity": "sha512-o9ppKQioXGqhw8Z7mah6KdTYpNQY//tipnkxppWhPbiSWdD+1raYsnhwEZjkTHYbGee4cVQ0Rx65EhOY/HNLcQ=="
        },
        "datatables": {
            "version": "1.10.18",
            "resolved": "https://registry.npmjs.org/datatables/-/datatables-1.10.18.tgz",
            "integrity": "sha512-ntatMgS9NN6UMpwbmO+QkYJuKlVeMA2Mi0Gu/QxyIh+dW7ZjLSDhPT2tWlzjpIWEkDYgieDzS9Nu7bdQCW0sbQ==",
            "requires": {
                "jquery": ">=1.7"
            }
        },
        "datatables.net": {
            "version": "1.10.22",
            "resolved": "https://registry.npmjs.org/datatables.net/-/datatables.net-1.10.22.tgz",
            "integrity": "sha512-ujn8GvkQIBYzYH54XY7OrI0Zb35TKRd9ABYfbnXgBfwTGIFT6UsmXrfHU5Yk+MSDoF0sDu2TB+31V6c+zUZ0Pw==",
            "requires": {
                "jquery": ">=1.7"
            }
        },
        "datatables.net-bs4": {
            "version": "1.10.22",
            "resolved": "https://registry.npmjs.org/datatables.net-bs4/-/datatables.net-bs4-1.10.22.tgz",
            "integrity": "sha512-si0eOiaKmuURURpXhPRba7b3vCZsVfJK8pfrlM5WtaOaCEBa62DG/S9guMxUBmcAmvEC3FA2CKc/iKya3gb9qg==",
            "requires": {
                "datatables.net": "1.10.22",
                "jquery": ">=1.7"
            }
        },
        "jquery": {
            "version": "3.5.1",
            "resolved": "https://registry.npmjs.org/jquery/-/jquery-3.5.1.tgz",
            "integrity": "sha512-XwIBPqcMn57FxfT+Go5pzySnm4KWkT1Tv7gjrpT1srtf8Weynl6R273VJ5GjkRb51IzMp5nbaPjJXMWeju2MKg=="
        },
        "jquery-validate": {
            "version": "2.0.0",
            "resolved": "https://registry.npmjs.org/jquery-validate/-/jquery-validate-2.0.0.tgz",
            "integrity": "sha1-qdqeVmgmJ/xPxUdMwdEMJoUJwlk="
        },
        "jquery-validation": {
            "version": "1.19.2",
            "resolved": "https://registry.npmjs.org/jquery-validation/-/jquery-validation-1.19.2.tgz",
            "integrity": "sha512-yHaAqOGaAB7+p2u5lpzhhQVt3CBMUw3fHcuCJ7nXmXz0LWLHPN7yOhwnocp5nrn2SmnXR1jpV+whx2j1kLz1tQ=="
        },
        "jquery-validation-unobtrusive": {
            "version": "3.2.11",
            "resolved": "https://registry.npmjs.org/jquery-validation-unobtrusive/-/jquery-validation-unobtrusive-3.2.11.tgz",
            "integrity": "sha512-3FQPllaWdD+Aq55zJLGSW39+eXPDz1HhwAvrSwYi8zHQ8DVcu5IJ1HVeTiCl0BnCnrIBvfFU3zEB/DrGdcoRIQ==",
            "requires": {
                "jquery": ">=1.8",
                "jquery-validation": ">=1.16"
            }
        },
        "popper.js": {
            "version": "1.16.1",
            "resolved": "https://registry.npmjs.org/popper.js/-/popper.js-1.16.1.tgz",
            "integrity": "sha512-Wb4p1J4zyFTbM+u6WuO4XstYx4Ky9Cewe4DWrel7B0w6VVICvPwdOpotjzcf6eD8TsckVnIMNONQyPIUFOUbCQ=="
        }
    }
}
